// !$*UTF8*$!
{
	archiveVersion = 1;
	classes = {
	};
	objectVersion = 46;
	objects = {

/* Begin PBXBuildFile section */
		496000591A218F1C00DF6028 /* main.m in Sources */ = {isa = PBXBuildFile; fileRef = 496000581A218F1C00DF6028 /* main.m */; };
		4960005C1A218F1C00DF6028 /* AppDelegate.m in Sources */ = {isa = PBXBuildFile; fileRef = 4960005B1A218F1C00DF6028 /* AppDelegate.m */; };
		4960005F1A218F1C00DF6028 /* ViewController.m in Sources */ = {isa = PBXBuildFile; fileRef = 4960005E1A218F1C00DF6028 /* ViewController.m */; };
		496000621A218F1C00DF6028 /* Main.storyboard in Resources */ = {isa = PBXBuildFile; fileRef = 496000601A218F1C00DF6028 /* Main.storyboard */; };
		496000641A218F1C00DF6028 /* Images.xcassets in Resources */ = {isa = PBXBuildFile; fileRef = 496000631A218F1C00DF6028 /* Images.xcassets */; };
		496000671A218F1C00DF6028 /* LaunchScreen.xib in Resources */ = {isa = PBXBuildFile; fileRef = 496000651A218F1C00DF6028 /* LaunchScreen.xib */; };
		496000731A218F1C00DF6028 /* polygraphTests.m in Sources */ = {isa = PBXBuildFile; fileRef = 496000721A218F1C00DF6028 /* polygraphTests.m */; };
		496000831A218FAB00DF6028 /* WatchKit.framework in Frameworks */ = {isa = PBXBuildFile; fileRef = 496000821A218FAB00DF6028 /* WatchKit.framework */; };
		4960008A1A218FAB00DF6028 /* InterfaceController.m in Sources */ = {isa = PBXBuildFile; fileRef = 496000891A218FAB00DF6028 /* InterfaceController.m */; };
		4960008D1A218FAB00DF6028 /* NotificationController.m in Sources */ = {isa = PBXBuildFile; fileRef = 4960008C1A218FAB00DF6028 /* NotificationController.m */; };
		4960008F1A218FAB00DF6028 /* Images.xcassets in Resources */ = {isa = PBXBuildFile; fileRef = 4960008E1A218FAB00DF6028 /* Images.xcassets */; };
		496000931A218FAB00DF6028 /* polygraph Watch App.app in Resources */ = {isa = PBXBuildFile; fileRef = 496000921A218FAB00DF6028 /* polygraph Watch App.app */; };
		4960009A1A218FAB00DF6028 /* Interface.storyboard in Resources */ = {isa = PBXBuildFile; fileRef = 496000991A218FAB00DF6028 /* Interface.storyboard */; };
		4960009C1A218FAB00DF6028 /* Images.xcassets in Resources */ = {isa = PBXBuildFile; fileRef = 4960009B1A218FAB00DF6028 /* Images.xcassets */; };
		4960009F1A218FAB00DF6028 /* polygraph WatchKit Extension.appex in Embed App Extensions */ = {isa = PBXBuildFile; fileRef = 496000801A218FAB00DF6028 /* polygraph WatchKit Extension.appex */; settings = {ATTRIBUTES = (RemoveHeadersOnCopy, ); }; };
/* End PBXBuildFile section */

/* Begin PBXContainerItemProxy section */
		4960006D1A218F1C00DF6028 /* PBXContainerItemProxy */ = {
			isa = PBXContainerItemProxy;
			containerPortal = 4960004B1A218F1C00DF6028 /* Project object */;
			proxyType = 1;
			remoteGlobalIDString = 496000521A218F1C00DF6028;
			remoteInfo = polygraph;
		};
		496000941A218FAB00DF6028 /* PBXContainerItemProxy */ = {
			isa = PBXContainerItemProxy;
			containerPortal = 4960004B1A218F1C00DF6028 /* Project object */;
			proxyType = 1;
			remoteGlobalIDString = 496000911A218FAB00DF6028;
			remoteInfo = "polygraph Watch App";
		};
		4960009D1A218FAB00DF6028 /* PBXContainerItemProxy */ = {
			isa = PBXContainerItemProxy;
			containerPortal = 4960004B1A218F1C00DF6028 /* Project object */;
			proxyType = 1;
			remoteGlobalIDString = 4960007F1A218FAB00DF6028;
			remoteInfo = "polygraph WatchKit Extension";
		};
/* End PBXContainerItemProxy section */

/* Begin PBXCopyFilesBuildPhase section */
		496000A61A218FAB00DF6028 /* Embed App Extensions */ = {
			isa = PBXCopyFilesBuildPhase;
			buildActionMask = 2147483647;
			dstPath = "";
			dstSubfolderSpec = 13;
			files = (
				4960009F1A218FAB00DF6028 /* polygraph WatchKit Extension.appex in Embed App Extensions */,
			);
			name = "Embed App Extensions";
			runOnlyForDeploymentPostprocessing = 0;
		};
/* End PBXCopyFilesBuildPhase section */

/* Begin PBXFileReference section */
		496000531A218F1C00DF6028 /* polygraph.app */ = {isa = PBXFileReference; explicitFileType = wrapper.application; includeInIndex = 0; path = polygraph.app; sourceTree = BUILT_PRODUCTS_DIR; };
		496000571A218F1C00DF6028 /* Info.plist */ = {isa = PBXFileReference; lastKnownFileType = text.plist.xml; path = Info.plist; sourceTree = "<group>"; };
		496000581A218F1C00DF6028 /* main.m */ = {isa = PBXFileReference; lastKnownFileType = sourcecode.c.objc; path = main.m; sourceTree = "<group>"; };
		4960005A1A218F1C00DF6028 /* AppDelegate.h */ = {isa = PBXFileReference; lastKnownFileType = sourcecode.c.h; path = AppDelegate.h; sourceTree = "<group>"; };
		4960005B1A218F1C00DF6028 /* AppDelegate.m */ = {isa = PBXFileReference; lastKnownFileType = sourcecode.c.objc; path = AppDelegate.m; sourceTree = "<group>"; };
		4960005D1A218F1C00DF6028 /* ViewController.h */ = {isa = PBXFileReference; lastKnownFileType = sourcecode.c.h; path = ViewController.h; sourceTree = "<group>"; };
		4960005E1A218F1C00DF6028 /* ViewController.m */ = {isa = PBXFileReference; lastKnownFileType = sourcecode.c.objc; path = ViewController.m; sourceTree = "<group>"; };
		496000611A218F1C00DF6028 /* Base */ = {isa = PBXFileReference; lastKnownFileType = file.storyboard; name = Base; path = Base.lproj/Main.storyboard; sourceTree = "<group>"; };
		496000631A218F1C00DF6028 /* Images.xcassets */ = {isa = PBXFileReference; lastKnownFileType = folder.assetcatalog; path = Images.xcassets; sourceTree = "<group>"; };
		496000661A218F1C00DF6028 /* Base */ = {isa = PBXFileReference; lastKnownFileType = file.xib; name = Base; path = Base.lproj/LaunchScreen.xib; sourceTree = "<group>"; };
		4960006C1A218F1C00DF6028 /* polygraphTests.xctest */ = {isa = PBXFileReference; explicitFileType = wrapper.cfbundle; includeInIndex = 0; path = polygraphTests.xctest; sourceTree = BUILT_PRODUCTS_DIR; };
		496000711A218F1C00DF6028 /* Info.plist */ = {isa = PBXFileReference; lastKnownFileType = text.plist.xml; path = Info.plist; sourceTree = "<group>"; };
		496000721A218F1C00DF6028 /* polygraphTests.m */ = {isa = PBXFileReference; lastKnownFileType = sourcecode.c.objc; path = polygraphTests.m; sourceTree = "<group>"; };
		496000801A218FAB00DF6028 /* polygraph WatchKit Extension.appex */ = {isa = PBXFileReference; explicitFileType = "wrapper.app-extension"; includeInIndex = 0; path = "polygraph WatchKit Extension.appex"; sourceTree = BUILT_PRODUCTS_DIR; };
		496000821A218FAB00DF6028 /* WatchKit.framework */ = {isa = PBXFileReference; lastKnownFileType = wrapper.framework; name = WatchKit.framework; path = System/Library/Frameworks/WatchKit.framework; sourceTree = SDKROOT; };
		496000861A218FAB00DF6028 /* Info.plist */ = {isa = PBXFileReference; lastKnownFileType = text.plist.xml; path = Info.plist; sourceTree = "<group>"; };
		496000871A218FAB00DF6028 /* PushNotificationPayload.json */ = {isa = PBXFileReference; lastKnownFileType = text.json; path = PushNotificationPayload.json; sourceTree = "<group>"; };
		496000881A218FAB00DF6028 /* InterfaceController.h */ = {isa = PBXFileReference; lastKnownFileType = sourcecode.c.h; path = InterfaceController.h; sourceTree = "<group>"; };
		496000891A218FAB00DF6028 /* InterfaceController.m */ = {isa = PBXFileReference; lastKnownFileType = sourcecode.c.objc; path = InterfaceController.m; sourceTree = "<group>"; };
		4960008B1A218FAB00DF6028 /* NotificationController.h */ = {isa = PBXFileReference; lastKnownFileType = sourcecode.c.h; path = NotificationController.h; sourceTree = "<group>"; };
		4960008C1A218FAB00DF6028 /* NotificationController.m */ = {isa = PBXFileReference; lastKnownFileType = sourcecode.c.objc; path = NotificationController.m; sourceTree = "<group>"; };
		4960008E1A218FAB00DF6028 /* Images.xcassets */ = {isa = PBXFileReference; lastKnownFileType = folder.assetcatalog; path = Images.xcassets; sourceTree = "<group>"; };
		496000921A218FAB00DF6028 /* polygraph Watch App.app */ = {isa = PBXFileReference; explicitFileType = wrapper.application; includeInIndex = 0; path = "polygraph Watch App.app"; sourceTree = BUILT_PRODUCTS_DIR; };
		496000981A218FAB00DF6028 /* Info.plist */ = {isa = PBXFileReference; lastKnownFileType = text.plist.xml; path = Info.plist; sourceTree = "<group>"; };
		496000991A218FAB00DF6028 /* Interface.storyboard */ = {isa = PBXFileReference; lastKnownFileType = file.storyboard; path = Interface.storyboard; sourceTree = "<group>"; };
		4960009B1A218FAB00DF6028 /* Images.xcassets */ = {isa = PBXFileReference; lastKnownFileType = folder.assetcatalog; path = Images.xcassets; sourceTree = "<group>"; };
/* End PBXFileReference section */

/* Begin PBXFrameworksBuildPhase section */
		496000501A218F1C00DF6028 /* Frameworks */ = {
			isa = PBXFrameworksBuildPhase;
			buildActionMask = 2147483647;
			files = (
			);
			runOnlyForDeploymentPostprocessing = 0;
		};
		496000691A218F1C00DF6028 /* Frameworks */ = {
			isa = PBXFrameworksBuildPhase;
			buildActionMask = 2147483647;
			files = (
			);
			runOnlyForDeploymentPostprocessing = 0;
		};
		4960007D1A218FAB00DF6028 /* Frameworks */ = {
			isa = PBXFrameworksBuildPhase;
			buildActionMask = 2147483647;
			files = (
				496000831A218FAB00DF6028 /* WatchKit.framework in Frameworks */,
			);
			runOnlyForDeploymentPostprocessing = 0;
		};
/* End PBXFrameworksBuildPhase section */

/* Begin PBXGroup section */
		4960004A1A218F1C00DF6028 = {
			isa = PBXGroup;
			children = (
				496000551A218F1C00DF6028 /* polygraph */,
				4960006F1A218F1C00DF6028 /* polygraphTests */,
				496000841A218FAB00DF6028 /* polygraph WatchKit Extension */,
				496000961A218FAB00DF6028 /* polygraph Watch App */,
				496000811A218FAB00DF6028 /* Frameworks */,
				496000541A218F1C00DF6028 /* Products */,
			);
			sourceTree = "<group>";
		};
		496000541A218F1C00DF6028 /* Products */ = {
			isa = PBXGroup;
			children = (
				496000531A218F1C00DF6028 /* polygraph.app */,
				4960006C1A218F1C00DF6028 /* polygraphTests.xctest */,
				496000801A218FAB00DF6028 /* polygraph WatchKit Extension.appex */,
				496000921A218FAB00DF6028 /* polygraph Watch App.app */,
			);
			name = Products;
			sourceTree = "<group>";
		};
		496000551A218F1C00DF6028 /* polygraph */ = {
			isa = PBXGroup;
			children = (
				4960005A1A218F1C00DF6028 /* AppDelegate.h */,
				4960005B1A218F1C00DF6028 /* AppDelegate.m */,
				4960005D1A218F1C00DF6028 /* ViewController.h */,
				4960005E1A218F1C00DF6028 /* ViewController.m */,
				496000601A218F1C00DF6028 /* Main.storyboard */,
				496000631A218F1C00DF6028 /* Images.xcassets */,
				496000651A218F1C00DF6028 /* LaunchScreen.xib */,
				496000561A218F1C00DF6028 /* Supporting Files */,
			);
			path = polygraph;
			sourceTree = "<group>";
		};
		496000561A218F1C00DF6028 /* Supporting Files */ = {
			isa = PBXGroup;
			children = (
				496000571A218F1C00DF6028 /* Info.plist */,
				496000581A218F1C00DF6028 /* main.m */,
			);
			name = "Supporting Files";
			sourceTree = "<group>";
		};
		4960006F1A218F1C00DF6028 /* polygraphTests */ = {
			isa = PBXGroup;
			children = (
				496000721A218F1C00DF6028 /* polygraphTests.m */,
				496000701A218F1C00DF6028 /* Supporting Files */,
			);
			path = polygraphTests;
			sourceTree = "<group>";
		};
		496000701A218F1C00DF6028 /* Supporting Files */ = {
			isa = PBXGroup;
			children = (
				496000711A218F1C00DF6028 /* Info.plist */,
			);
			name = "Supporting Files";
			sourceTree = "<group>";
		};
		496000811A218FAB00DF6028 /* Frameworks */ = {
			isa = PBXGroup;
			children = (
				496000821A218FAB00DF6028 /* WatchKit.framework */,
			);
			name = Frameworks;
			sourceTree = "<group>";
		};
		496000841A218FAB00DF6028 /* polygraph WatchKit Extension */ = {
			isa = PBXGroup;
			children = (
				496000881A218FAB00DF6028 /* InterfaceController.h */,
				496000891A218FAB00DF6028 /* InterfaceController.m */,
				4960008B1A218FAB00DF6028 /* NotificationController.h */,
				4960008C1A218FAB00DF6028 /* NotificationController.m */,
				4960008E1A218FAB00DF6028 /* Images.xcassets */,
				496000851A218FAB00DF6028 /* Supporting Files */,
			);
			path = "polygraph WatchKit Extension";
			sourceTree = "<group>";
		};
		496000851A218FAB00DF6028 /* Supporting Files */ = {
			isa = PBXGroup;
			children = (
				496000861A218FAB00DF6028 /* Info.plist */,
				496000871A218FAB00DF6028 /* PushNotificationPayload.json */,
			);
			name = "Supporting Files";
			sourceTree = "<group>";
		};
		496000961A218FAB00DF6028 /* polygraph Watch App */ = {
			isa = PBXGroup;
			children = (
				496000991A218FAB00DF6028 /* Interface.storyboard */,
				4960009B1A218FAB00DF6028 /* Images.xcassets */,
				496000971A218FAB00DF6028 /* Supporting Files */,
			);
			path = "polygraph Watch App";
			sourceTree = "<group>";
		};
		496000971A218FAB00DF6028 /* Supporting Files */ = {
			isa = PBXGroup;
			children = (
				496000981A218FAB00DF6028 /* Info.plist */,
			);
			name = "Supporting Files";
			sourceTree = "<group>";
		};
/* End PBXGroup section */

/* Begin PBXNativeTarget section */
		496000521A218F1C00DF6028 /* polygraph */ = {
			isa = PBXNativeTarget;
			buildConfigurationList = 496000761A218F1C00DF6028 /* Build configuration list for PBXNativeTarget "polygraph" */;
			buildPhases = (
				4960004F1A218F1C00DF6028 /* Sources */,
				496000501A218F1C00DF6028 /* Frameworks */,
				496000511A218F1C00DF6028 /* Resources */,
				496000A61A218FAB00DF6028 /* Embed App Extensions */,
			);
			buildRules = (
			);
			dependencies = (
				4960009E1A218FAB00DF6028 /* PBXTargetDependency */,
			);
			name = polygraph;
			productName = polygraph;
			productReference = 496000531A218F1C00DF6028 /* polygraph.app */;
			productType = "com.apple.product-type.application";
		};
		4960006B1A218F1C00DF6028 /* polygraphTests */ = {
			isa = PBXNativeTarget;
			buildConfigurationList = 496000791A218F1C00DF6028 /* Build configuration list for PBXNativeTarget "polygraphTests" */;
			buildPhases = (
				496000681A218F1C00DF6028 /* Sources */,
				496000691A218F1C00DF6028 /* Frameworks */,
				4960006A1A218F1C00DF6028 /* Resources */,
			);
			buildRules = (
			);
			dependencies = (
				4960006E1A218F1C00DF6028 /* PBXTargetDependency */,
			);
			name = polygraphTests;
			productName = polygraphTests;
			productReference = 4960006C1A218F1C00DF6028 /* polygraphTests.xctest */;
			productType = "com.apple.product-type.bundle.unit-test";
		};
		4960007F1A218FAB00DF6028 /* polygraph WatchKit Extension */ = {
			isa = PBXNativeTarget;
			buildConfigurationList = 496000A31A218FAB00DF6028 /* Build configuration list for PBXNativeTarget "polygraph WatchKit Extension" */;
			buildPhases = (
				4960007C1A218FAB00DF6028 /* Sources */,
				4960007D1A218FAB00DF6028 /* Frameworks */,
				4960007E1A218FAB00DF6028 /* Resources */,
			);
			buildRules = (
			);
			dependencies = (
				496000951A218FAB00DF6028 /* PBXTargetDependency */,
			);
			name = "polygraph WatchKit Extension";
			productName = "polygraph WatchKit Extension";
			productReference = 496000801A218FAB00DF6028 /* polygraph WatchKit Extension.appex */;
			productType = "com.apple.product-type.watchkit-extension";
		};
		496000911A218FAB00DF6028 /* polygraph Watch App */ = {
			isa = PBXNativeTarget;
			buildConfigurationList = 496000A01A218FAB00DF6028 /* Build configuration list for PBXNativeTarget "polygraph Watch App" */;
			buildPhases = (
				496000901A218FAB00DF6028 /* Resources */,
			);
			buildRules = (
			);
			dependencies = (
			);
			name = "polygraph Watch App";
			productName = "polygraph Watch App";
			productReference = 496000921A218FAB00DF6028 /* polygraph Watch App.app */;
			productType = "com.apple.product-type.application.watchapp";
		};
/* End PBXNativeTarget section */

/* Begin PBXProject section */
		4960004B1A218F1C00DF6028 /* Project object */ = {
			isa = PBXProject;
			attributes = {
				LastUpgradeCheck = 0620;
				ORGANIZATIONNAME = dorystudios;
				TargetAttributes = {
					496000521A218F1C00DF6028 = {
						CreatedOnToolsVersion = 6.2;
					};
					4960006B1A218F1C00DF6028 = {
						CreatedOnToolsVersion = 6.2;
						TestTargetID = 496000521A218F1C00DF6028;
					};
					4960007F1A218FAB00DF6028 = {
						CreatedOnToolsVersion = 6.2;
					};
					496000911A218FAB00DF6028 = {
						CreatedOnToolsVersion = 6.2;
					};
				};
			};
			buildConfigurationList = 4960004E1A218F1C00DF6028 /* Build configuration list for PBXProject "polygraph" */;
			compatibilityVersion = "Xcode 3.2";
			developmentRegion = English;
			hasScannedForEncodings = 0;
			knownRegions = (
				en,
				Base,
			);
			mainGroup = 4960004A1A218F1C00DF6028;
			productRefGroup = 496000541A218F1C00DF6028 /* Products */;
			projectDirPath = "";
			projectRoot = "";
			targets = (
				496000521A218F1C00DF6028 /* polygraph */,
				4960006B1A218F1C00DF6028 /* polygraphTests */,
				4960007F1A218FAB00DF6028 /* polygraph WatchKit Extension */,
				496000911A218FAB00DF6028 /* polygraph Watch App */,
			);
		};
/* End PBXProject section */

/* Begin PBXResourcesBuildPhase section */
		496000511A218F1C00DF6028 /* Resources */ = {
			isa = PBXResourcesBuildPhase;
			buildActionMask = 2147483647;
			files = (
				496000621A218F1C00DF6028 /* Main.storyboard in Resources */,
				496000671A218F1C00DF6028 /* LaunchScreen.xib in Resources */,
				496000641A218F1C00DF6028 /* Images.xcassets in Resources */,
			);
			runOnlyForDeploymentPostprocessing = 0;
		};
		4960006A1A218F1C00DF6028 /* Resources */ = {
			isa = PBXResourcesBuildPhase;
			buildActionMask = 2147483647;
			files = (
			);
			runOnlyForDeploymentPostprocessing = 0;
		};
		4960007E1A218FAB00DF6028 /* Resources */ = {
			isa = PBXResourcesBuildPhase;
			buildActionMask = 2147483647;
			files = (
				496000931A218FAB00DF6028 /* polygraph Watch App.app in Resources */,
				4960008F1A218FAB00DF6028 /* Images.xcassets in Resources */,
			);
			runOnlyForDeploymentPostprocessing = 0;
		};
		496000901A218FAB00DF6028 /* Resources */ = {
			isa = PBXResourcesBuildPhase;
			buildActionMask = 2147483647;
			files = (
				4960009A1A218FAB00DF6028 /* Interface.storyboard in Resources */,
				4960009C1A218FAB00DF6028 /* Images.xcassets in Resources */,
			);
			runOnlyForDeploymentPostprocessing = 0;
		};
/* End PBXResourcesBuildPhase section */

/* Begin PBXSourcesBuildPhase section */
		4960004F1A218F1C00DF6028 /* Sources */ = {
			isa = PBXSourcesBuildPhase;
			buildActionMask = 2147483647;
			files = (
				4960005F1A218F1C00DF6028 /* ViewController.m in Sources */,
				4960005C1A218F1C00DF6028 /* AppDelegate.m in Sources */,
				496000591A218F1C00DF6028 /* main.m in Sources */,
			);
			runOnlyForDeploymentPostprocessing = 0;
		};
		496000681A218F1C00DF6028 /* Sources */ = {
			isa = PBXSourcesBuildPhase;
			buildActionMask = 2147483647;
			files = (
				496000731A218F1C00DF6028 /* polygraphTests.m in Sources */,
			);
			runOnlyForDeploymentPostprocessing = 0;
		};
		4960007C1A218FAB00DF6028 /* Sources */ = {
			isa = PBXSourcesBuildPhase;
			buildActionMask = 2147483647;
			files = (
				4960008D1A218FAB00DF6028 /* NotificationController.m in Sources */,
				4960008A1A218FAB00DF6028 /* InterfaceController.m in Sources */,
			);
			runOnlyForDeploymentPostprocessing = 0;
		};
/* End PBXSourcesBuildPhase section */

/* Begin PBXTargetDependency section */
		4960006E1A218F1C00DF6028 /* PBXTargetDependency */ = {
			isa = PBXTargetDependency;
			target = 496000521A218F1C00DF6028 /* polygraph */;
			targetProxy = 4960006D1A218F1C00DF6028 /* PBXContainerItemProxy */;
		};
		496000951A218FAB00DF6028 /* PBXTargetDependency */ = {
			isa = PBXTargetDependency;
			target = 496000911A218FAB00DF6028 /* polygraph Watch App */;
			targetProxy = 496000941A218FAB00DF6028 /* PBXContainerItemProxy */;
		};
		4960009E1A218FAB00DF6028 /* PBXTargetDependency */ = {
			isa = PBXTargetDependency;
			target = 4960007F1A218FAB00DF6028 /* polygraph WatchKit Extension */;
			targetProxy = 4960009D1A218FAB00DF6028 /* PBXContainerItemProxy */;
		};
/* End PBXTargetDependency section */

/* Begin PBXVariantGroup section */
		496000601A218F1C00DF6028 /* Main.storyboard */ = {
			isa = PBXVariantGroup;
			children = (
				496000611A218F1C00DF6028 /* Base */,
			);
			name = Main.storyboard;
			sourceTree = "<group>";
		};
		496000651A218F1C00DF6028 /* LaunchScreen.xib */ = {
			isa = PBXVariantGroup;
			children = (
				496000661A218F1C00DF6028 /* Base */,
			);
			name = LaunchScreen.xib;
			sourceTree = "<group>";
		};
/* End PBXVariantGroup section */

/* Begin XCBuildConfiguration section */
		496000741A218F1C00DF6028 /* Debug */ = {
			isa = XCBuildConfiguration;
			buildSettings = {
				ALWAYS_SEARCH_USER_PATHS = NO;
				CLANG_CXX_LANGUAGE_STANDARD = "gnu++0x";
				CLANG_CXX_LIBRARY = "libc++";
				CLANG_ENABLE_MODULES = YES;
				CLANG_ENABLE_OBJC_ARC = YES;
				CLANG_WARN_BOOL_CONVERSION = YES;
				CLANG_WARN_CONSTANT_CONVERSION = YES;
				CLANG_WARN_DIRECT_OBJC_ISA_USAGE = YES_ERROR;
				CLANG_WARN_EMPTY_BODY = YES;
				CLANG_WARN_ENUM_CONVERSION = YES;
				CLANG_WARN_INT_CONVERSION = YES;
				CLANG_WARN_OBJC_ROOT_CLASS = YES_ERROR;
				CLANG_WARN_UNREACHABLE_CODE = YES;
				CLANG_WARN__DUPLICATE_METHOD_MATCH = YES;
				"CODE_SIGN_IDENTITY[sdk=iphoneos*]" = "iPhone Developer";
				COPY_PHASE_STRIP = NO;
				ENABLE_STRICT_OBJC_MSGSEND = YES;
				GCC_C_LANGUAGE_STANDARD = gnu99;
				GCC_DYNAMIC_NO_PIC = NO;
				GCC_OPTIMIZATION_LEVEL = 0;
				GCC_PREPROCESSOR_DEFINITIONS = (
					"DEBUG=1",
					"$(inherited)",
				);
				GCC_SYMBOLS_PRIVATE_EXTERN = NO;
				GCC_WARN_64_TO_32_BIT_CONVERSION = YES;
				GCC_WARN_ABOUT_RETURN_TYPE = YES_ERROR;
				GCC_WARN_UNDECLARED_SELECTOR = YES;
				GCC_WARN_UNINITIALIZED_AUTOS = YES_AGGRESSIVE;
				GCC_WARN_UNUSED_FUNCTION = YES;
				GCC_WARN_UNUSED_VARIABLE = YES;
				IPHONEOS_DEPLOYMENT_TARGET = 8.2;
				MTL_ENABLE_DEBUG_INFO = YES;
				ONLY_ACTIVE_ARCH = YES;
				SDKROOT = iphoneos;
				TARGETED_DEVICE_FAMILY = "1,2";
			};
			name = Debug;
		};
		496000751A218F1C00DF6028 /* Release */ = {
			isa = XCBuildConfiguration;
			buildSettings = {
				ALWAYS_SEARCH_USER_PATHS = NO;
				CLANG_CXX_LANGUAGE_STANDARD = "gnu++0x";
				CLANG_CXX_LIBRARY = "libc++";
				CLANG_ENABLE_MODULES = YES;
				CLANG_ENABLE_OBJC_ARC = YES;
				CLANG_WARN_BOOL_CONVERSION = YES;
				CLANG_WARN_CONSTANT_CONVERSION = YES;
				CLANG_WARN_DIRECT_OBJC_ISA_USAGE = YES_ERROR;
				CLANG_WARN_EMPTY_BODY = YES;
				CLANG_WARN_ENUM_CONVERSION = YES;
				CLANG_WARN_INT_CONVERSION = YES;
				CLANG_WARN_OBJC_ROOT_CLASS = YES_ERROR;
				CLANG_WARN_UNREACHABLE_CODE = YES;
				CLANG_WARN__DUPLICATE_METHOD_MATCH = YES;
				"CODE_SIGN_IDENTITY[sdk=iphoneos*]" = "iPhone Developer";
				COPY_PHASE_STRIP = YES;
				ENABLE_NS_ASSERTIONS = NO;
				ENABLE_STRICT_OBJC_MSGSEND = YES;
				GCC_C_LANGUAGE_STANDARD = gnu99;
				GCC_WARN_64_TO_32_BIT_CONVERSION = YES;
				GCC_WARN_ABOUT_RETURN_TYPE = YES_ERROR;
				GCC_WARN_UNDECLARED_SELECTOR = YES;
				GCC_WARN_UNINITIALIZED_AUTOS = YES_AGGRESSIVE;
				GCC_WARN_UNUSED_FUNCTION = YES;
				GCC_WARN_UNUSED_VARIABLE = YES;
				IPHONEOS_DEPLOYMENT_TARGET = 8.2;
				MTL_ENABLE_DEBUG_INFO = NO;
				SDKROOT = iphoneos;
				TARGETED_DEVICE_FAMILY = "1,2";
				VALIDATE_PRODUCT = YES;
			};
			name = Release;
		};
		496000771A218F1C00DF6028 /* Debug */ = {
			isa = XCBuildConfiguration;
			buildSettings = {
				ASSETCATALOG_COMPILER_APPICON_NAME = AppIcon;
				INFOPLIST_FILE = polygraph/Info.plist;
				LD_RUNPATH_SEARCH_PATHS = "$(inherited) @executable_path/Frameworks";
				PRODUCT_NAME = "$(TARGET_NAME)";
			};
			name = Debug;
		};
		496000781A218F1C00DF6028 /* Release */ = {
			isa = XCBuildConfiguration;
			buildSettings = {
				ASSETCATALOG_COMPILER_APPICON_NAME = AppIcon;
				INFOPLIST_FILE = polygraph/Info.plist;
				LD_RUNPATH_SEARCH_PATHS = "$(inherited) @executable_path/Frameworks";
				PRODUCT_NAME = "$(TARGET_NAME)";
			};
			name = Release;
		};
		4960007A1A218F1C00DF6028 /* Debug */ = {
			isa = XCBuildConfiguration;
			buildSettings = {
				BUNDLE_LOADER = "$(TEST_HOST)";
				FRAMEWORK_SEARCH_PATHS = (
					"$(SDKROOT)/Developer/Library/Frameworks",
					"$(inherited)",
				);
				GCC_PREPROCESSOR_DEFINITIONS = (
					"DEBUG=1",
					"$(inherited)",
				);
				INFOPLIST_FILE = polygraphTests/Info.plist;
				LD_RUNPATH_SEARCH_PATHS = "$(inherited) @executable_path/Frameworks @loader_path/Frameworks";
				PRODUCT_NAME = "$(TARGET_NAME)";
				TEST_HOST = "$(BUILT_PRODUCTS_DIR)/polygraph.app/polygraph";
			};
			name = Debug;
		};
		4960007B1A218F1C00DF6028 /* Release */ = {
			isa = XCBuildConfiguration;
			buildSettings = {
				BUNDLE_LOADER = "$(TEST_HOST)";
				FRAMEWORK_SEARCH_PATHS = (
					"$(SDKROOT)/Developer/Library/Frameworks",
					"$(inherited)",
				);
				INFOPLIST_FILE = polygraphTests/Info.plist;
				LD_RUNPATH_SEARCH_PATHS = "$(inherited) @executable_path/Frameworks @loader_path/Frameworks";
				PRODUCT_NAME = "$(TARGET_NAME)";
				TEST_HOST = "$(BUILT_PRODUCTS_DIR)/polygraph.app/polygraph";
			};
			name = Release;
		};
		496000A11A218FAB00DF6028 /* Debug */ = {
			isa = XCBuildConfiguration;
			buildSettings = {
				ASSETCATALOG_COMPILER_APPICON_NAME = AppIcon;
				ASSETCATALOG_COMPILER_LAUNCHIMAGE_NAME = LaunchImage;
				GCC_PREPROCESSOR_DEFINITIONS = (
					"DEBUG=1",
					"$(inherited)",
				);
				IBSC_MODULE = polygraph_WatchKit_Extension;
				INFOPLIST_FILE = "polygraph Watch App/Info.plist";
				PRODUCT_NAME = "$(TARGET_NAME)";
				SKIP_INSTALL = YES;
				TARGETED_DEVICE_FAMILY = 4;
				"TARGETED_DEVICE_FAMILY[sdk=iphonesimulator*]" = "1,4";
			};
			name = Debug;
		};
		496000A21A218FAB00DF6028 /* Release */ = {
			isa = XCBuildConfiguration;
			buildSettings = {
				ASSETCATALOG_COMPILER_APPICON_NAME = AppIcon;
				ASSETCATALOG_COMPILER_LAUNCHIMAGE_NAME = LaunchImage;
				IBSC_MODULE = polygraph_WatchKit_Extension;
				INFOPLIST_FILE = "polygraph Watch App/Info.plist";
				PRODUCT_NAME = "$(TARGET_NAME)";
				SKIP_INSTALL = YES;
				TARGETED_DEVICE_FAMILY = 4;
				"TARGETED_DEVICE_FAMILY[sdk=iphonesimulator*]" = "1,4";
			};
			name = Release;
		};
		496000A41A218FAB00DF6028 /* Debug */ = {
			isa = XCBuildConfiguration;
			buildSettings = {
				GCC_PREPROCESSOR_DEFINITIONS = (
					"DEBUG=1",
					"$(inherited)",
				);
				INFOPLIST_FILE = "polygraph WatchKit Extension/Info.plist";
				LD_RUNPATH_SEARCH_PATHS = "$(inherited) @executable_path/Frameworks @executable_path/../../Frameworks";
				PRODUCT_NAME = "${TARGET_NAME}";
				SKIP_INSTALL = YES;
			};
			name = Debug;
		};
		496000A51A218FAB00DF6028 /* Release */ = {
			isa = XCBuildConfiguration;
			buildSettings = {
				INFOPLIST_FILE = "polygraph WatchKit Extension/Info.plist";
				LD_RUNPATH_SEARCH_PATHS = "$(inherited) @executable_path/Frameworks @executable_path/../../Frameworks";
				PRODUCT_NAME = "${TARGET_NAME}";
				SKIP_INSTALL = YES;
			};
			name = Release;
		};
/* End XCBuildConfiguration section */

/* Begin XCConfigurationList section */
		4960004E1A218F1C00DF6028 /* Build configuration list for PBXProject "polygraph" */ = {
			isa = XCConfigurationList;
			buildConfigurations = (
				496000741A218F1C00DF6028 /* Debug */,
				496000751A218F1C00DF6028 /* Release */,
			);
			defaultConfigurationIsVisible = 0;
			defaultConfigurationName = Release;
		};
		496000761A218F1C00DF6028 /* Build configuration list for PBXNativeTarget "polygraph" */ = {
			isa = XCConfigurationList;
			buildConfigurations = (
				496000771A218F1C00DF6028 /* Debug */,
				496000781A218F1C00DF6028 /* Release */,
			);
			defaultConfigurationIsVisible = 0;
		};
		496000791A218F1C00DF6028 /* Build configuration list for PBXNativeTarget "polygraphTests" */ = {
			isa = XCConfigurationList;
			buildConfigurations = (
				4960007A1A218F1C00DF6028 /* Debug */,
				4960007B1A218F1C00DF6028 /* Release */,
			);
			defaultConfigurationIsVisible = 0;
		};
		496000A01A218FAB00DF6028 /* Build configuration list for PBXNativeTarget "polygraph Watch App" */ = {
			isa = XCConfigurationList;
			buildConfigurations = (
				496000A11A218FAB00DF6028 /* Debug */,
				496000A21A218FAB00DF6028 /* Release */,
			);
			defaultConfigurationIsVisible = 0;
		};
		496000A31A218FAB00DF6028 /* Build configuration list for PBXNativeTarget "polygraph WatchKit Extension" */ = {
			isa = XCConfigurationList;
			buildConfigurations = (
				496000A41A218FAB00DF6028 /* Debug */,
				496000A51A218FAB00DF6028 /* Release */,
			);
			defaultConfigurationIsVisible = 0;
		};
/* End XCConfigurationList section */
	};
	rootObject = 4960004B1A218F1C00DF6028 /* Project object */;
}
